
Microsoft Visual Studio Solution File, Format Version 12.00
# Visual Studio Version 17
VisualStudioVersion = 17.7.34031.279
MinimumVisualStudioVersion = 10.0.40219.1
Project("{FAE04EC0-301F-11D3-BF4B-00C04F79EFBC}") = "WebApplicationTp3", "WebApplicationTp3.csproj", "{95DC0343-D8FE-49CF-AFDA-9584FE146CBE}"
EndProject
Global
	GlobalSection(SolutionConfigurationPlatforms) = preSolution
		Debug|Any CPU = Debug|Any CPU
		Release|Any CPU = Release|Any CPU
	EndGlobalSection
	GlobalSection(ProjectConfigurationPlatforms) = postSolution
		{95DC0343-D8FE-49CF-AFDA-9584FE146CBE}.Debug|Any CPU.ActiveCfg = Debug|Any CPU
		{95DC0343-D8FE-49CF-AFDA-9584FE146CBE}.Debug|Any CPU.Build.0 = Debug|Any CPU
		{95DC0343-D8FE-49CF-AFDA-9584FE146CBE}.Release|Any CPU.ActiveCfg = Release|Any CPU
		{95DC0343-D8FE-49CF-AFDA-9584FE146CBE}.Release|Any CPU.Build.0 = Release|Any CPU
	EndGlobalSection
	GlobalSection(SolutionProperties) = preSolution
		HideSolutionNode = FALSE
	EndGlobalSection
	GlobalSection(ExtensibilityGlobals) = postSolution
		SolutionGuid = {AE7E14C1-055F-4D98-8F68-5CD20B9877B8}
	EndGlobalSection
EndGlobal
